
Microsoft Visual Studio Solution File, Format Version 12.00
# Visual Studio Version 16
VisualStudioVersion = 16.0.29409.12
MinimumVisualStudioVersion = 10.0.40219.1
Project("{9A19103F-16F7-4668-BE54-9A1E7A4F7556}") = "TcpClient", "Client\TcpClient.csproj", "{AB12C320-8129-4DE5-A413-CA58817A0EA9}"
EndProject
Project("{9A19103F-16F7-4668-BE54-9A1E7A4F7556}") = "TcpServer", "Server\TcpServer.csproj", "{7DE2FD84-500B-4097-BEAB-15D256717BBD}"
EndProject
Global
	GlobalSection(SolutionConfigurationPlatforms) = preSolution
		Debug|Any CPU = Debug|Any CPU
		Release|Any CPU = Release|Any CPU
	EndGlobalSection
	GlobalSection(ProjectConfigurationPlatforms) = postSolution
		{AB12C320-8129-4DE5-A413-CA58817A0EA9}.Debug|Any CPU.ActiveCfg = Debug|Any CPU
		{AB12C320-8129-4DE5-A413-CA58817A0EA9}.Debug|Any CPU.Build.0 = Debug|Any CPU
		{AB12C320-8129-4DE5-A413-CA58817A0EA9}.Release|Any CPU.ActiveCfg = Release|Any CPU
		{AB12C320-8129-4DE5-A413-CA58817A0EA9}.Release|Any CPU.Build.0 = Release|Any CPU
		{7DE2FD84-500B-4097-BEAB-15D256717BBD}.Debug|Any CPU.ActiveCfg = Debug|Any CPU
		{7DE2FD84-500B-4097-BEAB-15D256717BBD}.Debug|Any CPU.Build.0 = Debug|Any CPU
		{7DE2FD84-500B-4097-BEAB-15D256717BBD}.Release|Any CPU.ActiveCfg = Release|Any CPU
		{7DE2FD84-500B-4097-BEAB-15D256717BBD}.Release|Any CPU.Build.0 = Release|Any CPU
	EndGlobalSection
	GlobalSection(SolutionProperties) = preSolution
		HideSolutionNode = FALSE
	EndGlobalSection
	GlobalSection(ExtensibilityGlobals) = postSolution
		SolutionGuid = {D53D8374-0ED3-4B12-8C1F-EAB1E74CB65C}
	EndGlobalSection
EndGlobal
