
Microsoft Visual Studio Solution File, Format Version 12.00
# Visual Studio Version 16
VisualStudioVersion = 16.0.29409.12
MinimumVisualStudioVersion = 10.0.40219.1
Project("{FAE04EC0-301F-11D3-BF4B-00C04F79EFBC}") = "TcpClient", "TcpIp\TcpClient.csproj", "{2DADE3A4-6B68-4D29-A369-BB8F95A81432}"
EndProject
Project("{FAE04EC0-301F-11D3-BF4B-00C04F79EFBC}") = "TcpServer", "TcpServer\TcpServer.csproj", "{87CBBAFC-4701-4FB6-B714-2EAB8E40BFD6}"
EndProject
Global
	GlobalSection(SolutionConfigurationPlatforms) = preSolution
		Debug|Any CPU = Debug|Any CPU
		Release|Any CPU = Release|Any CPU
	EndGlobalSection
	GlobalSection(ProjectConfigurationPlatforms) = postSolution
		{2DADE3A4-6B68-4D29-A369-BB8F95A81432}.Debug|Any CPU.ActiveCfg = Debug|Any CPU
		{2DADE3A4-6B68-4D29-A369-BB8F95A81432}.Debug|Any CPU.Build.0 = Debug|Any CPU
		{2DADE3A4-6B68-4D29-A369-BB8F95A81432}.Release|Any CPU.ActiveCfg = Release|Any CPU
		{2DADE3A4-6B68-4D29-A369-BB8F95A81432}.Release|Any CPU.Build.0 = Release|Any CPU
		{87CBBAFC-4701-4FB6-B714-2EAB8E40BFD6}.Debug|Any CPU.ActiveCfg = Debug|Any CPU
		{87CBBAFC-4701-4FB6-B714-2EAB8E40BFD6}.Debug|Any CPU.Build.0 = Debug|Any CPU
		{87CBBAFC-4701-4FB6-B714-2EAB8E40BFD6}.Release|Any CPU.ActiveCfg = Release|Any CPU
		{87CBBAFC-4701-4FB6-B714-2EAB8E40BFD6}.Release|Any CPU.Build.0 = Release|Any CPU
	EndGlobalSection
	GlobalSection(SolutionProperties) = preSolution
		HideSolutionNode = FALSE
	EndGlobalSection
	GlobalSection(ExtensibilityGlobals) = postSolution
		SolutionGuid = {D53D8374-0ED3-4B12-8C1F-EAB1E74CB65C}
	EndGlobalSection
EndGlobal
